# This file is automatically @generated by Cargo.
# It is not intended for manual editing.
version = 4

[[package]]
name = "aether-core"
version = "0.1.0"

[[package]]
name = "aether-fits"
version = "0.1.0"

[[package]]
name = "aether-inspect"
version = "0.1.0"
dependencies = [
 "aether-fits",
 "aether-metadata",
 "aether-session",
]

[[package]]
name = "aether-metadata"
version = "0.1.0"
dependencies = [
 "aether-fits",
]

[[package]]
name = "aether-session"
version = "0.1.0"
dependencies = [
 "aether-metadata",
]
